
Microsoft Visual Studio Solution File, Format Version 12.00
# Visual Studio Version 17
VisualStudioVersion = 17.9.34607.119
MinimumVisualStudioVersion = 10.0.40219.1
Project("{FAE04EC0-301F-11D3-BF4B-00C04F79EFBC}") = "Academy-2024", "Academy-2024\Academy-2024.csproj", "{6BFEF7EB-82C6-4623-A0EF-2C3BB1DC6129}"
EndProject
Global
	GlobalSection(SolutionConfigurationPlatforms) = preSolution
		Debug|Any CPU = Debug|Any CPU
		Release|Any CPU = Release|Any CPU
	EndGlobalSection
	GlobalSection(ProjectConfigurationPlatforms) = postSolution
		{6BFEF7EB-82C6-4623-A0EF-2C3BB1DC6129}.Debug|Any CPU.ActiveCfg = Debug|Any CPU
		{6BFEF7EB-82C6-4623-A0EF-2C3BB1DC6129}.Debug|Any CPU.Build.0 = Debug|Any CPU
		{6BFEF7EB-82C6-4623-A0EF-2C3BB1DC6129}.Release|Any CPU.ActiveCfg = Release|Any CPU
		{6BFEF7EB-82C6-4623-A0EF-2C3BB1DC6129}.Release|Any CPU.Build.0 = Release|Any CPU
	EndGlobalSection
	GlobalSection(SolutionProperties) = preSolution
		HideSolutionNode = FALSE
	EndGlobalSection
	GlobalSection(ExtensibilityGlobals) = postSolution
		SolutionGuid = {48B6C4E6-8DC9-4A0C-8BF6-88BEF4366A80}
	EndGlobalSection
EndGlobal
